
Microsoft Visual Studio Solution File, Format Version 12.00
# Visual Studio Version 17
VisualStudioVersion = 17.0.31903.59
MinimumVisualStudioVersion = 10.0.40219.1
Project("{FAE04EC0-301F-11D3-BF4B-00C04F79EFBC}") = "ComplianceClassifier.Domain", "ComplianceClassifier.Domain\ComplianceClassifier.Domain.csproj", "{706D8EEA-7DBE-4BEE-BB81-8A0730627BA4}"
EndProject
Project("{FAE04EC0-301F-11D3-BF4B-00C04F79EFBC}") = "ComplianceClassifier.Application", "ComplianceClassifier.Application\ComplianceClassifier.Application.csproj", "{61E7CB5A-BBFA-4862-930C-7C49A6B5A25F}"
EndProject
Project("{FAE04EC0-301F-11D3-BF4B-00C04F79EFBC}") = "ComplianceClassifier.Infrastructure", "ComplianceClassifier.Infrastructure\ComplianceClassifier.Infrastructure.csproj", "{0E8D489F-8618-41F4-99D5-4E92C9F75C3A}"
EndProject
Project("{FAE04EC0-301F-11D3-BF4B-00C04F79EFBC}") = "ComplianceClassifier.API", "ComplianceClassifier.API\ComplianceClassifier.API.csproj", "{037AB0C3-AD3B-459C-B5C4-9C618022A789}"
EndProject
Project("{FAE04EC0-301F-11D3-BF4B-00C04F79EFBC}") = "ComplianceClassifier.UnitTests", "ComplianceClassifier.UnitTests\ComplianceClassifier.UnitTests.csproj", "{A5F7D1D1-3E3A-4C5F-B5C1-D1E3F7C8B3B3}"
EndProject
Project("{FAE04EC0-301F-11D3-BF4B-00C04F79EFBC}") = "ComplianceClassifier.IntegrationTests", "ComplianceClassifier.IntegrationTests\ComplianceClassifier.IntegrationTests.csproj", "{B6F7D2D2-4E4A-5D6F-C6D2-E2F4F8D9C4C4}"
EndProject
Project("{FAE04EC0-301F-11D3-BF4B-00C04F79EFBC}") = "ComplianceClassifier.E2ETests", "ComplianceClassifier.E2ETests\ComplianceClassifier.E2ETests.csproj", "{C7F8E3E3-5F5A-6E7F-D7E3-F3F5F9E0D5D5}"
EndProject
Global
	GlobalSection(SolutionConfigurationPlatforms) = preSolution
		Debug|Any CPU = Debug|Any CPU
		Release|Any CPU = Release|Any CPU
	EndGlobalSection
	GlobalSection(SolutionProperties) = preSolution
		HideSolutionNode = FALSE
	EndGlobalSection
	GlobalSection(ProjectConfigurationPlatforms) = postSolution
		{706D8EEA-7DBE-4BEE-BB81-8A0730627BA4}.Debug|Any CPU.ActiveCfg = Debug|Any CPU
		{706D8EEA-7DBE-4BEE-BB81-8A0730627BA4}.Debug|Any CPU.Build.0 = Debug|Any CPU
		{706D8EEA-7DBE-4BEE-BB81-8A0730627BA4}.Release|Any CPU.ActiveCfg = Release|Any CPU
		{706D8EEA-7DBE-4BEE-BB81-8A0730627BA4}.Release|Any CPU.Build.0 = Release|Any CPU
		{61E7CB5A-BBFA-4862-930C-7C49A6B5A25F}.Debug|Any CPU.ActiveCfg = Debug|Any CPU
		{61E7CB5A-BBFA-4862-930C-7C49A6B5A25F}.Debug|Any CPU.Build.0 = Debug|Any CPU
		{61E7CB5A-BBFA-4862-930C-7C49A6B5A25F}.Release|Any CPU.ActiveCfg = Release|Any CPU
		{61E7CB5A-BBFA-4862-930C-7C49A6B5A25F}.Release|Any CPU.Build.0 = Release|Any CPU
		{0E8D489F-8618-41F4-99D5-4E92C9F75C3A}.Debug|Any CPU.ActiveCfg = Debug|Any CPU
		{0E8D489F-8618-41F4-99D5-4E92C9F75C3A}.Debug|Any CPU.Build.0 = Debug|Any CPU
		{0E8D489F-8618-41F4-99D5-4E92C9F75C3A}.Release|Any CPU.ActiveCfg = Release|Any CPU
		{0E8D489F-8618-41F4-99D5-4E92C9F75C3A}.Release|Any CPU.Build.0 = Release|Any CPU
		{037AB0C3-AD3B-459C-B5C4-9C618022A789}.Debug|Any CPU.ActiveCfg = Debug|Any CPU
		{037AB0C3-AD3B-459C-B5C4-9C618022A789}.Debug|Any CPU.Build.0 = Debug|Any CPU
		{037AB0C3-AD3B-459C-B5C4-9C618022A789}.Release|Any CPU.ActiveCfg = Release|Any CPU
		{037AB0C3-AD3B-459C-B5C4-9C618022A789}.Release|Any CPU.Build.0 = Release|Any CPU
		{A5F7D1D1-3E3A-4C5F-B5C1-D1E3F7C8B3B3}.Debug|Any CPU.ActiveCfg = Debug|Any CPU
		{A5F7D1D1-3E3A-4C5F-B5C1-D1E3F7C8B3B3}.Debug|Any CPU.Build.0 = Debug|Any CPU
		{A5F7D1D1-3E3A-4C5F-B5C1-D1E3F7C8B3B3}.Release|Any CPU.ActiveCfg = Release|Any CPU
		{A5F7D1D1-3E3A-4C5F-B5C1-D1E3F7C8B3B3}.Release|Any CPU.Build.0 = Release|Any CPU
		{B6F7D2D2-4E4A-5D6F-C6D2-E2F4F8D9C4C4}.Debug|Any CPU.ActiveCfg = Debug|Any CPU
		{B6F7D2D2-4E4A-5D6F-C6D2-E2F4F8D9C4C4}.Debug|Any CPU.Build.0 = Debug|Any CPU
		{B6F7D2D2-4E4A-5D6F-C6D2-E2F4F8D9C4C4}.Release|Any CPU.ActiveCfg = Release|Any CPU
		{B6F7D2D2-4E4A-5D6F-C6D2-E2F4F8D9C4C4}.Release|Any CPU.Build.0 = Release|Any CPU
		{C7F8E3E3-5F5A-6E7F-D7E3-F3F5F9E0D5D5}.Debug|Any CPU.ActiveCfg = Debug|Any CPU
		{C7F8E3E3-5F5A-6E7F-D7E3-F3F5F9E0D5D5}.Debug|Any CPU.Build.0 = Debug|Any CPU
		{C7F8E3E3-5F5A-6E7F-D7E3-F3F5F9E0D5D5}.Release|Any CPU.ActiveCfg = Release|Any CPU
		{C7F8E3E3-5F5A-6E7F-D7E3-F3F5F9E0D5D5}.Release|Any CPU.Build.0 = Release|Any CPU
	EndGlobalSection
EndGlobal
